
Microsoft Visual Studio Solution File, Format Version 12.00
# Visual Studio Version 17
VisualStudioVersion = 17.8.34525.116
MinimumVisualStudioVersion = 10.0.40219.1
Project("{9A19103F-16F7-4668-BE54-9A1E7A4F7556}") = "CarRentalAPI", "CarRentalAPI\CarRentalAPI.csproj", "{03880BC6-FD6E-4087-A257-DDBDCDDD7AC3}"
EndProject
Project("{9A19103F-16F7-4668-BE54-9A1E7A4F7556}") = "CarRentalAPI.Core", "CarRentalAPI.Core\CarRentalAPI.Core.csproj", "{A816FBC9-AE38-4E01-91EC-5068FE414FF7}"
EndProject
Project("{9A19103F-16F7-4668-BE54-9A1E7A4F7556}") = "CarRentalAPI.Context", "CarRentalAPI.Context\CarRentalAPI.Context.csproj", "{2AF8755C-50E8-44C1-8917-217910C18A6F}"
EndProject
Project("{9A19103F-16F7-4668-BE54-9A1E7A4F7556}") = "CarRentalAPI.Infrastructure", "CarRentalAPI.Infrastructure\CarRentalAPI.Infrastructure.csproj", "{4ED754A4-46B4-435C-91D9-BDF3242ED235}"
EndProject
Project("{9A19103F-16F7-4668-BE54-9A1E7A4F7556}") = "CarRentalAPI.Application", "CarRentalAPI.Application\CarRentalAPI.Application.csproj", "{4FED760F-934B-446C-8568-405C29AB1A86}"
EndProject
Project("{9A19103F-16F7-4668-BE54-9A1E7A4F7556}") = "CarRentalAPI.Contracts", "CarRentalAPI.Contracts\CarRentalAPI.Contracts.csproj", "{B3D89DCA-1E52-4671-B6C5-A77B58D0416E}"
EndProject
Project("{FAE04EC0-301F-11D3-BF4B-00C04F79EFBC}") = "EmailClient", "EmailClient\EmailClient.csproj", "{E9D70B5F-14B9-4819-89CA-2A4067CC7BB7}"
EndProject
Global
	GlobalSection(SolutionConfigurationPlatforms) = preSolution
		Debug|Any CPU = Debug|Any CPU
		Release|Any CPU = Release|Any CPU
	EndGlobalSection
	GlobalSection(ProjectConfigurationPlatforms) = postSolution
		{03880BC6-FD6E-4087-A257-DDBDCDDD7AC3}.Debug|Any CPU.ActiveCfg = Debug|Any CPU
		{03880BC6-FD6E-4087-A257-DDBDCDDD7AC3}.Debug|Any CPU.Build.0 = Debug|Any CPU
		{03880BC6-FD6E-4087-A257-DDBDCDDD7AC3}.Release|Any CPU.ActiveCfg = Release|Any CPU
		{03880BC6-FD6E-4087-A257-DDBDCDDD7AC3}.Release|Any CPU.Build.0 = Release|Any CPU
		{A816FBC9-AE38-4E01-91EC-5068FE414FF7}.Debug|Any CPU.ActiveCfg = Debug|Any CPU
		{A816FBC9-AE38-4E01-91EC-5068FE414FF7}.Debug|Any CPU.Build.0 = Debug|Any CPU
		{A816FBC9-AE38-4E01-91EC-5068FE414FF7}.Release|Any CPU.ActiveCfg = Release|Any CPU
		{A816FBC9-AE38-4E01-91EC-5068FE414FF7}.Release|Any CPU.Build.0 = Release|Any CPU
		{2AF8755C-50E8-44C1-8917-217910C18A6F}.Debug|Any CPU.ActiveCfg = Debug|Any CPU
		{2AF8755C-50E8-44C1-8917-217910C18A6F}.Debug|Any CPU.Build.0 = Debug|Any CPU
		{2AF8755C-50E8-44C1-8917-217910C18A6F}.Release|Any CPU.ActiveCfg = Release|Any CPU
		{2AF8755C-50E8-44C1-8917-217910C18A6F}.Release|Any CPU.Build.0 = Release|Any CPU
		{4ED754A4-46B4-435C-91D9-BDF3242ED235}.Debug|Any CPU.ActiveCfg = Debug|Any CPU
		{4ED754A4-46B4-435C-91D9-BDF3242ED235}.Debug|Any CPU.Build.0 = Debug|Any CPU
		{4ED754A4-46B4-435C-91D9-BDF3242ED235}.Release|Any CPU.ActiveCfg = Release|Any CPU
		{4ED754A4-46B4-435C-91D9-BDF3242ED235}.Release|Any CPU.Build.0 = Release|Any CPU
		{4FED760F-934B-446C-8568-405C29AB1A86}.Debug|Any CPU.ActiveCfg = Debug|Any CPU
		{4FED760F-934B-446C-8568-405C29AB1A86}.Debug|Any CPU.Build.0 = Debug|Any CPU
		{4FED760F-934B-446C-8568-405C29AB1A86}.Release|Any CPU.ActiveCfg = Release|Any CPU
		{4FED760F-934B-446C-8568-405C29AB1A86}.Release|Any CPU.Build.0 = Release|Any CPU
		{B3D89DCA-1E52-4671-B6C5-A77B58D0416E}.Debug|Any CPU.ActiveCfg = Debug|Any CPU
		{B3D89DCA-1E52-4671-B6C5-A77B58D0416E}.Debug|Any CPU.Build.0 = Debug|Any CPU
		{B3D89DCA-1E52-4671-B6C5-A77B58D0416E}.Release|Any CPU.ActiveCfg = Release|Any CPU
		{B3D89DCA-1E52-4671-B6C5-A77B58D0416E}.Release|Any CPU.Build.0 = Release|Any CPU
		{E9D70B5F-14B9-4819-89CA-2A4067CC7BB7}.Debug|Any CPU.ActiveCfg = Debug|Any CPU
		{E9D70B5F-14B9-4819-89CA-2A4067CC7BB7}.Debug|Any CPU.Build.0 = Debug|Any CPU
		{E9D70B5F-14B9-4819-89CA-2A4067CC7BB7}.Release|Any CPU.ActiveCfg = Release|Any CPU
		{E9D70B5F-14B9-4819-89CA-2A4067CC7BB7}.Release|Any CPU.Build.0 = Release|Any CPU
	EndGlobalSection
	GlobalSection(SolutionProperties) = preSolution
		HideSolutionNode = FALSE
	EndGlobalSection
	GlobalSection(ExtensibilityGlobals) = postSolution
		SolutionGuid = {68027B71-6C94-4F17-890C-604A8AD30A2B}
	EndGlobalSection
EndGlobal
